{
  "version": 4,
  "terraform_version": "0.13.4",
  "serial": 123,
  "lineage": "7f74d6f6-7338-8230-4e43-299a3b7b14d7",
  "outputs": {},
  "resources": [
    {
      "mode": "managed",
      "type": "prismacloud_compliance_standard",
      "name": "CS_PAG",
      "provider": "provider[\"registry.terraform.io/paloaltonetworks/prismacloud\"]",
      "instances": [
        {
          "schema_version": 0,
          "attributes": {
            "cloud_types": [],
            "created_by": "Solal Rohatyn",
            "created_on": 1612801611174,
            "cs_id": "e3f13851-37eb-47ba-8c7c-5cc9c8fe3154",
            "description": "Compliance Standards Porsche AG",
            "id": "e3f13851-37eb-47ba-8c7c-5cc9c8fe3154",
            "last_modified_by": "Solal Rohatyn",
            "last_modified_on": 1612801611174,
            "name": "Porsche AG",
            "policies_assigned_count": 0,
            "system_default": false
          },
          "private": "bnVsbA=="
        }
      ]
    },
    {
      "mode": "managed",
      "type": "prismacloud_compliance_standard_requirement",
      "name": "CSR_PAG_BB",
      "provider": "provider[\"registry.terraform.io/paloaltonetworks/prismacloud\"]",
      "instances": [
        {
          "schema_version": 0,
          "attributes": {
            "created_by": "Solal Rohatyn",
            "created_on": 1612801611580,
            "cs_id": "e3f13851-37eb-47ba-8c7c-5cc9c8fe3154",
            "csr_id": "aba608b8-c6be-4055-ba44-e851d6da66b3",
            "description": "PAG Building Blocks",
            "id": "e3f13851-37eb-47ba-8c7c-5cc9c8fe3154:aba608b8-c6be-4055-ba44-e851d6da66b3",
            "last_modified_by": "Solal Rohatyn",
            "last_modified_on": 1612801611580,
            "name": "PAG - Building Blocks",
            "policies_assigned_count": 0,
            "requirement_id": "PAG Building Blocks",
            "standard_name": "",
            "system_default": false,
            "view_order": 1
          },
          "private": "bnVsbA==",
          "dependencies": [
            "prismacloud_compliance_standard.CS_PAG"
          ]
        }
      ]
    },
    {
      "mode": "managed",
      "type": "prismacloud_compliance_standard_requirement_section",
      "name": "CSRS_PAG_BB_EC2",
      "provider": "provider[\"registry.terraform.io/paloaltonetworks/prismacloud\"]",
      "instances": [
        {
          "schema_version": 0,
          "attributes": {
            "associated_policy_ids": [],
            "created_by": "Solal Rohatyn",
            "created_on": 1612801611849,
            "csr_id": "aba608b8-c6be-4055-ba44-e851d6da66b3",
            "csrs_id": "332236c2-cb2d-4fbe-acac-c5c01262851c",
            "description": "Requirement Section for EC2",
            "id": "aba608b8-c6be-4055-ba44-e851d6da66b3:332236c2-cb2d-4fbe-acac-c5c01262851c",
            "label": "",
            "last_modified_by": "Solal Rohatyn",
            "last_modified_on": 1612801611849,
            "policies_assigned_count": 0,
            "requirement_name": "PAG - Building Blocks",
            "section_id": "EC2",
            "standard_name": "Porsche AG",
            "system_default": false,
            "view_order": 1
          },
          "private": "bnVsbA==",
          "dependencies": [
            "prismacloud_compliance_standard.CS_PAG",
            "prismacloud_compliance_standard_requirement.CSR_PAG_BB"
          ]
        }
      ]
    },
    {
      "mode": "managed",
      "type": "prismacloud_policy",
      "name": "this",
      "provider": "provider[\"registry.terraform.io/paloaltonetworks/prismacloud\"]",
      "instances": [
        {
          "schema_version": 0,
          "attributes": {
            "cloud_type": "aws",
            "compliance_metadata": [
              {
                "compliance_id": "332236c2-cb2d-4fbe-acac-c5c01262851c",
                "custom_assigned": true,
                "policy_id": "2282fe93-3cc3-4c77-b6b2-111110f4d045",
                "requirement_description": "",
                "requirement_id": "PAG Building Blocks",
                "requirement_name": "PAG - Building Blocks",
                "section_description": "Requirement Section for EC2",
                "section_id": "EC2",
                "section_label": "",
                "standard_description": "Compliance Standards Porsche AG",
                "standard_name": "Porsche AG"
              }
            ],
            "created_by": "Solal Rohatyn",
            "created_on": 1612801615866,
            "deleted": false,
            "description": "yada",
            "enabled": true,
            "id": "2282fe93-3cc3-4c77-b6b2-111110f4d045",
            "labels": null,
            "last_modified_by": "Solal Rohatyn",
            "last_modified_on": 1612801615866,
            "name": "test aws EC2s",
            "open_alerts_count": 0,
            "overridden": false,
            "owner": "Solal testing",
            "policy_id": "2282fe93-3cc3-4c77-b6b2-111110f4d045",
            "policy_mode": "custom",
            "policy_type": "config",
            "recommendation": "yada",
            "remediable": false,
            "remediation": [],
            "restrict_alert_dismissal": false,
            "rule": [
              {
                "api_name": "",
                "cloud_account": "",
                "cloud_type": "",
                "criteria": "644974c1-0f61-4229-9046-d55e63908566",
                "name": "test aws EC2s",
                "parameters": {
                  "savedSearch": "true",
                  "withIac": "false"
                },
                "resource_id_path": "",
                "resource_type": "",
                "rule_type": "Config"
              }
            ],
            "rule_last_modified_on": 1612801615866,
            "severity": "medium",
            "system_default": false,
            "timeouts": null
          },
          "private": "eyJlMmJmYjczMC1lY2FhLTExZTYtOGY4OC0zNDM2M2JjN2M0YzAiOnsiY3JlYXRlIjo2MDAwMDAwMDAwMDAsImRlbGV0ZSI6MzAwMDAwMDAwMDAwLCJ1cGRhdGUiOjYwMDAwMDAwMDAwMH19",
          "dependencies": [
            "prismacloud_compliance_standard.CS_PAG",
            "prismacloud_compliance_standard_requirement.CSR_PAG_BB",
            "prismacloud_compliance_standard_requirement_section.CSRS_PAG_BB_EC2",
            "prismacloud_rql_search.x",
            "prismacloud_saved_search.example"
          ]
        }
      ]
    },
    {
      "mode": "managed",
      "type": "prismacloud_rql_search",
      "name": "x",
      "provider": "provider[\"registry.terraform.io/paloaltonetworks/prismacloud\"]",
      "instances": [
        {
          "schema_version": 0,
          "attributes": {
            "cloud_type": "aws",
            "config_data": [
              {
                "name": "rteixeira-ireland",
                "state_id": "754ca09a98e06c0526f28ef143eae1d45ae7a9cc",
                "url": ""
              },
              {
                "name": "rweglarz",
                "state_id": "7875f3da5b48f172dda53473bc4cb775f158eda0",
                "url": ""
              },
              {
                "name": "ram-pano-1004",
                "state_id": "a720618d5ca675ef1fa994c212ab7a063d980096",
                "url": ""
              },
              {
                "name": "aws-panorama-2-3",
                "state_id": "f8c7b654e141def58fdbf4cd62c2b26228ce1c62",
                "url": ""
              },
              {
                "name": "rteixeira-ubuntu",
                "state_id": "0a668758923db81c4a0a76c736bd7f3c6a0f3a15",
                "url": ""
              },
              {
                "name": "rteixeira-pavm",
                "state_id": "19f733711433373152c659707626f36463085a77",
                "url": ""
              },
              {
                "name": "nizar-disk",
                "state_id": "e4cf16710d0b346806297e5f71cf45b9d6340bc4",
                "url": ""
              },
              {
                "name": "bz-pwc-lab-key",
                "state_id": "767c91e92f8cbf656143b296b578301bb86371ad",
                "url": ""
              },
              {
                "name": "nizmoham-kp",
                "state_id": "0958678126802b19753f9db5fff6fb2a94fd7e0c",
                "url": ""
              },
              {
                "name": "Srikanth",
                "state_id": "ab3cbaf851189ebdcf0a91502780b074934b5799",
                "url": ""
              }
            ],
            "description": "",
            "event_data": [],
            "group_by": [],
            "id": "Y29uZmlnCmNvbmZpZyBmcm9tIGNsb3VkLnJlc291cmNlIHdoZXJlIGFwaS5uYW1lID0gJ2F3cy1lYzIta2V5LXBhaXInIEFORCBqc29uLnJ1bGUgPSBrZXlOYW1lIGV4aXN0cwo2NDQ5NzRjMS0wZjYxLTQyMjktOTA0Ni1kNTVlNjM5MDg1NjY=",
            "limit": 10,
            "name": "",
            "query": "config from cloud.resource where api.name = 'aws-ec2-key-pair' AND json.rule = keyName exists",
            "search_id": "644974c1-0f61-4229-9046-d55e63908566",
            "search_type": "config",
            "time_range": [
              {
                "absolute": [],
                "relative": [
                  {
                    "amount": 24,
                    "unit": "hour"
                  }
                ],
                "to_now": []
              }
            ]
          },
          "private": "bnVsbA=="
        }
      ]
    },
    {
      "mode": "managed",
      "type": "prismacloud_saved_search",
      "name": "example",
      "provider": "provider[\"registry.terraform.io/paloaltonetworks/prismacloud\"]",
      "instances": [
        {
          "schema_version": 0,
          "attributes": {
            "description": "yada",
            "id": "644974c1-0f61-4229-9046-d55e63908566",
            "name": "test aws EC2s",
            "query": "config from cloud.resource where api.name = 'aws-ec2-key-pair' AND json.rule = keyName exists",
            "saved": true,
            "search_id": "644974c1-0f61-4229-9046-d55e63908566",
            "time_range": [
              {
                "absolute": [],
                "relative": [
                  {
                    "amount": 24,
                    "unit": "hour"
                  }
                ],
                "to_now": []
              }
            ]
          },
          "private": "bnVsbA==",
          "dependencies": [
            "prismacloud_rql_search.x"
          ]
        }
      ]
    }
  ]
}
